
Microsoft Visual Studio Solution File, Format Version 12.00
# Visual Studio Version 16
VisualStudioVersion = 16.0.30128.74
MinimumVisualStudioVersion = 10.0.40219.1
Project("{FAE04EC0-301F-11D3-BF4B-00C04F79EFBC}") = "JournalApp.Core", "JournalApp.Core.csproj", "{DEAF7C4C-FBD7-409C-821D-21B8934110CA}"
EndProject
Global
	GlobalSection(SolutionConfigurationPlatforms) = preSolution
		Debug|Any CPU = Debug|Any CPU
		Release|Any CPU = Release|Any CPU
	EndGlobalSection
	GlobalSection(ProjectConfigurationPlatforms) = postSolution
		{DEAF7C4C-FBD7-409C-821D-21B8934110CA}.Debug|Any CPU.ActiveCfg = Debug|Any CPU
		{DEAF7C4C-FBD7-409C-821D-21B8934110CA}.Debug|Any CPU.Build.0 = Debug|Any CPU
		{DEAF7C4C-FBD7-409C-821D-21B8934110CA}.Release|Any CPU.ActiveCfg = Release|Any CPU
		{DEAF7C4C-FBD7-409C-821D-21B8934110CA}.Release|Any CPU.Build.0 = Release|Any CPU
	EndGlobalSection
	GlobalSection(SolutionProperties) = preSolution
		HideSolutionNode = FALSE
	EndGlobalSection
	GlobalSection(ExtensibilityGlobals) = postSolution
		SolutionGuid = {B861B27C-CFCE-468A-918F-4C2432203CB8}
	EndGlobalSection
EndGlobal
